
Microsoft Visual Studio Solution File, Format Version 12.00
# Visual Studio Version 17
VisualStudioVersion = 17.4.33205.214
MinimumVisualStudioVersion = 10.0.40219.1
Project("{9A19103F-16F7-4668-BE54-9A1E7A4F7556}") = "S4E.API", "S4E.API\S4E.API.csproj", "{8A63DC3E-D5B7-4B10-A0F5-E00874568F03}"
EndProject
Project("{778DAE3C-4631-46EA-AA77-85C1314464D9}") = "S4E.DbHandler", "S4E.Hander\S4E.DbHandler.vbproj", "{B63F9F1F-0A69-44AC-8023-83F8157443F2}"
EndProject
Global
	GlobalSection(SolutionConfigurationPlatforms) = preSolution
		Debug|Any CPU = Debug|Any CPU
		Release|Any CPU = Release|Any CPU
	EndGlobalSection
	GlobalSection(ProjectConfigurationPlatforms) = postSolution
		{8A63DC3E-D5B7-4B10-A0F5-E00874568F03}.Debug|Any CPU.ActiveCfg = Debug|Any CPU
		{8A63DC3E-D5B7-4B10-A0F5-E00874568F03}.Debug|Any CPU.Build.0 = Debug|Any CPU
		{8A63DC3E-D5B7-4B10-A0F5-E00874568F03}.Release|Any CPU.ActiveCfg = Release|Any CPU
		{8A63DC3E-D5B7-4B10-A0F5-E00874568F03}.Release|Any CPU.Build.0 = Release|Any CPU
		{B63F9F1F-0A69-44AC-8023-83F8157443F2}.Debug|Any CPU.ActiveCfg = Debug|Any CPU
		{B63F9F1F-0A69-44AC-8023-83F8157443F2}.Debug|Any CPU.Build.0 = Debug|Any CPU
		{B63F9F1F-0A69-44AC-8023-83F8157443F2}.Release|Any CPU.ActiveCfg = Release|Any CPU
		{B63F9F1F-0A69-44AC-8023-83F8157443F2}.Release|Any CPU.Build.0 = Release|Any CPU
	EndGlobalSection
	GlobalSection(SolutionProperties) = preSolution
		HideSolutionNode = FALSE
	EndGlobalSection
	GlobalSection(ExtensibilityGlobals) = postSolution
		SolutionGuid = {48643882-6242-4B61-90CD-2694B5ACFCCF}
	EndGlobalSection
EndGlobal
